
Microsoft Visual Studio Solution File, Format Version 12.00
# Visual Studio Version 17
VisualStudioVersion = 17.4.33213.308
MinimumVisualStudioVersion = 10.0.40219.1
Project("{FAE04EC0-301F-11D3-BF4B-00C04F79EFBC}") = "Project1", "Project1\Project1.csproj", "{D7FC51FF-0621-48A8-BD44-E1AE82900D68}"
EndProject
Global
	GlobalSection(SolutionConfigurationPlatforms) = preSolution
		Debug|Any CPU = Debug|Any CPU
		Release|Any CPU = Release|Any CPU
	EndGlobalSection
	GlobalSection(ProjectConfigurationPlatforms) = postSolution
		{D7FC51FF-0621-48A8-BD44-E1AE82900D68}.Debug|Any CPU.ActiveCfg = Debug|Any CPU
		{D7FC51FF-0621-48A8-BD44-E1AE82900D68}.Debug|Any CPU.Build.0 = Debug|Any CPU
		{D7FC51FF-0621-48A8-BD44-E1AE82900D68}.Release|Any CPU.ActiveCfg = Release|Any CPU
		{D7FC51FF-0621-48A8-BD44-E1AE82900D68}.Release|Any CPU.Build.0 = Release|Any CPU
	EndGlobalSection
	GlobalSection(SolutionProperties) = preSolution
		HideSolutionNode = FALSE
	EndGlobalSection
	GlobalSection(ExtensibilityGlobals) = postSolution
		SolutionGuid = {6D54AD0E-CD88-48C7-8FD1-9B5EF1C2244C}
	EndGlobalSection
EndGlobal
